
Microsoft Visual Studio Solution File, Format Version 12.00
# Visual Studio Version 17
VisualStudioVersion = 17.4.33213.308
MinimumVisualStudioVersion = 10.0.40219.1
Project("{FAE04EC0-301F-11D3-BF4B-00C04F79EFBC}") = "EFDemo-CRUD", "EFDemo-CRUD\EFDemo-CRUD.csproj", "{C7AFB037-25A2-48A5-A9B9-0E0BD310541E}"
EndProject
Global
	GlobalSection(SolutionConfigurationPlatforms) = preSolution
		Debug|Any CPU = Debug|Any CPU
		Release|Any CPU = Release|Any CPU
	EndGlobalSection
	GlobalSection(ProjectConfigurationPlatforms) = postSolution
		{C7AFB037-25A2-48A5-A9B9-0E0BD310541E}.Debug|Any CPU.ActiveCfg = Debug|Any CPU
		{C7AFB037-25A2-48A5-A9B9-0E0BD310541E}.Debug|Any CPU.Build.0 = Debug|Any CPU
		{C7AFB037-25A2-48A5-A9B9-0E0BD310541E}.Release|Any CPU.ActiveCfg = Release|Any CPU
		{C7AFB037-25A2-48A5-A9B9-0E0BD310541E}.Release|Any CPU.Build.0 = Release|Any CPU
	EndGlobalSection
	GlobalSection(SolutionProperties) = preSolution
		HideSolutionNode = FALSE
	EndGlobalSection
	GlobalSection(ExtensibilityGlobals) = postSolution
		SolutionGuid = {B4C1B277-503D-4201-BC5B-03D54F865C5C}
	EndGlobalSection
EndGlobal
